
Microsoft Visual Studio Solution File, Format Version 12.00
# Visual Studio Version 16
VisualStudioVersion = 16.0.29613.14
MinimumVisualStudioVersion = 10.0.40219.1
Project("{FAE04EC0-301F-11D3-BF4B-00C04F79EFBC}") = "FunctionApp1", "FunctionApp1\FunctionApp1.csproj", "{B30C891A-558D-4E63-81D0-D9908431F7F8}"
EndProject
Global
	GlobalSection(SolutionConfigurationPlatforms) = preSolution
		Debug|Any CPU = Debug|Any CPU
		Release|Any CPU = Release|Any CPU
	EndGlobalSection
	GlobalSection(ProjectConfigurationPlatforms) = postSolution
		{B30C891A-558D-4E63-81D0-D9908431F7F8}.Debug|Any CPU.ActiveCfg = Debug|Any CPU
		{B30C891A-558D-4E63-81D0-D9908431F7F8}.Debug|Any CPU.Build.0 = Debug|Any CPU
		{B30C891A-558D-4E63-81D0-D9908431F7F8}.Release|Any CPU.ActiveCfg = Release|Any CPU
		{B30C891A-558D-4E63-81D0-D9908431F7F8}.Release|Any CPU.Build.0 = Release|Any CPU
	EndGlobalSection
	GlobalSection(SolutionProperties) = preSolution
		HideSolutionNode = FALSE
	EndGlobalSection
	GlobalSection(ExtensibilityGlobals) = postSolution
		SolutionGuid = {3199B778-DB66-4C8D-8A96-ED31871107E6}
	EndGlobalSection
EndGlobal
